
Microsoft Visual Studio Solution File, Format Version 11.00
# Visual Studio 2010
# SharpDevelop 4.2.0.8649-Beta 2
Project("{FAE04EC0-301F-11D3-BF4B-00C04F79EFBC}") = "seetop", "seetop\seetop.csproj", "{F0AF0F31-5751-4736-B91F-38D6A1ACF320}"
EndProject
Global
	GlobalSection(SolutionConfigurationPlatforms) = preSolution
		Debug|x86 = Debug|x86
		Release|x86 = Release|x86
	EndGlobalSection
	GlobalSection(ProjectConfigurationPlatforms) = postSolution
		{F0AF0F31-5751-4736-B91F-38D6A1ACF320}.Debug|x86.Build.0 = Debug|x86
		{F0AF0F31-5751-4736-B91F-38D6A1ACF320}.Debug|x86.ActiveCfg = Debug|x86
		{F0AF0F31-5751-4736-B91F-38D6A1ACF320}.Release|x86.Build.0 = Release|x86
		{F0AF0F31-5751-4736-B91F-38D6A1ACF320}.Release|x86.ActiveCfg = Release|x86
	EndGlobalSection
EndGlobal
